// !$*UTF8*$!
{
	archiveVersion = 1;
	classes = {
	};
	objectVersion = 46;
	objects = {

/* Begin PBXBuildFile section */
		352E754B1ECE172800DA336A /* AppDelegate.swift in Sources */ = {isa = PBXBuildFile; fileRef = 352E754A1ECE172800DA336A /* AppDelegate.swift */; };
		352E754D1ECE172800DA336A /* ViewController.swift in Sources */ = {isa = PBXBuildFile; fileRef = 352E754C1ECE172800DA336A /* ViewController.swift */; };
		352E75501ECE172800DA336A /* Main.storyboard in Resources */ = {isa = PBXBuildFile; fileRef = 352E754E1ECE172800DA336A /* Main.storyboard */; };
		352E75521ECE172800DA336A /* Assets.xcassets in Resources */ = {isa = PBXBuildFile; fileRef = 352E75511ECE172800DA336A /* Assets.xcassets */; };
		352E75551ECE172800DA336A /* LaunchScreen.storyboard in Resources */ = {isa = PBXBuildFile; fileRef = 352E75531ECE172800DA336A /* LaunchScreen.storyboard */; };
/* End PBXBuildFile section */

/* Begin PBXFileReference section */
		352E75471ECE172800DA336A /* tryGITClass.app */ = {isa = PBXFileReference; explicitFileType = wrapper.application; includeInIndex = 0; path = tryGITClass.app; sourceTree = BUILT_PRODUCTS_DIR; };
		352E754A1ECE172800DA336A /* AppDelegate.swift */ = {isa = PBXFileReference; lastKnownFileType = sourcecode.swift; path = AppDelegate.swift; sourceTree = "<group>"; };
		352E754C1ECE172800DA336A /* ViewController.swift */ = {isa = PBXFileReference; lastKnownFileType = sourcecode.swift; path = ViewController.swift; sourceTree = "<group>"; };
		352E754F1ECE172800DA336A /* Base */ = {isa = PBXFileReference; lastKnownFileType = file.storyboard; name = Base; path = Base.lproj/Main.storyboard; sourceTree = "<group>"; };
		352E75511ECE172800DA336A /* Assets.xcassets */ = {isa = PBXFileReference; lastKnownFileType = folder.assetcatalog; path = Assets.xcassets; sourceTree = "<group>"; };
		352E75541ECE172800DA336A /* Base */ = {isa = PBXFileReference; lastKnownFileType = file.storyboard; name = Base; path = Base.lproj/LaunchScreen.storyboard; sourceTree = "<group>"; };
		352E75561ECE172800DA336A /* Info.plist */ = {isa = PBXFileReference; lastKnownFileType = text.plist.xml; path = Info.plist; sourceTree = "<group>"; };
/* End PBXFileReference section */

/* Begin PBXFrameworksBuildPhase section */
		352E75441ECE172800DA336A /* Frameworks */ = {
			isa = PBXFrameworksBuildPhase;
			buildActionMask = 2147483647;
			files = (
			);
			runOnlyForDeploymentPostprocessing = 0;
		};
/* End PBXFrameworksBuildPhase section */

/* Begin PBXGroup section */
		352E753E1ECE172800DA336A = {
			isa = PBXGroup;
			children = (
				352E75491ECE172800DA336A /* tryGITClass */,
				352E75481ECE172800DA336A /* Products */,
			);
			sourceTree = "<group>";
		};
		352E75481ECE172800DA336A /* Products */ = {
			isa = PBXGroup;
			children = (
				352E75471ECE172800DA336A /* tryGITClass.app */,
			);
			name = Products;
			sourceTree = "<group>";
		};
		352E75491ECE172800DA336A /* tryGITClass */ = {
			isa = PBXGroup;
			children = (
				352E754A1ECE172800DA336A /* AppDelegate.swift */,
				352E754C1ECE172800DA336A /* ViewController.swift */,
				352E754E1ECE172800DA336A /* Main.storyboard */,
				352E75511ECE172800DA336A /* Assets.xcassets */,
				352E75531ECE172800DA336A /* LaunchScreen.storyboard */,
				352E75561ECE172800DA336A /* Info.plist */,
			);
			path = tryGITClass;
			sourceTree = "<group>";
		};
/* End PBXGroup section */

/* Begin PBXNativeTarget section */
		352E75461ECE172800DA336A /* tryGITClass */ = {
			isa = PBXNativeTarget;
			buildConfigurationList = 352E75591ECE172800DA336A /* Build configuration list for PBXNativeTarget "tryGITClass" */;
			buildPhases = (
				352E75431ECE172800DA336A /* Sources */,
				352E75441ECE172800DA336A /* Frameworks */,
				352E75451ECE172800DA336A /* Resources */,
			);
			buildRules = (
			);
			dependencies = (
			);
			name = tryGITClass;
			productName = tryGITClass;
			productReference = 352E75471ECE172800DA336A /* tryGITClass.app */;
			productType = "com.apple.product-type.application";
		};
/* End PBXNativeTarget section */

/* Begin PBXProject section */
		352E753F1ECE172800DA336A /* Project object */ = {
			isa = PBXProject;
			attributes = {
				LastSwiftUpdateCheck = 0830;
				LastUpgradeCheck = 0830;
				ORGANIZATIONNAME = "Andrey Krit";
				TargetAttributes = {
					352E75461ECE172800DA336A = {
						CreatedOnToolsVersion = 8.3.1;
						DevelopmentTeam = 3398483R66;
						ProvisioningStyle = Automatic;
					};
				};
			};
			buildConfigurationList = 352E75421ECE172800DA336A /* Build configuration list for PBXProject "tryGITClass" */;
			compatibilityVersion = "Xcode 3.2";
			developmentRegion = English;
			hasScannedForEncodings = 0;
			knownRegions = (
				en,
				Base,
			);
			mainGroup = 352E753E1ECE172800DA336A;
			productRefGroup = 352E75481ECE172800DA336A /* Products */;
			projectDirPath = "";
			projectRoot = "";
			targets = (
				352E75461ECE172800DA336A /* tryGITClass */,
			);
		};
/* End PBXProject section */

/* Begin PBXResourcesBuildPhase section */
		352E75451ECE172800DA336A /* Resources */ = {
			isa = PBXResourcesBuildPhase;
			buildActionMask = 2147483647;
			files = (
				352E75551ECE172800DA336A /* LaunchScreen.storyboard in Resources */,
				352E75521ECE172800DA336A /* Assets.xcassets in Resources */,
				352E75501ECE172800DA336A /* Main.storyboard in Resources */,
			);
			runOnlyForDeploymentPostprocessing = 0;
		};
/* End PBXResourcesBuildPhase section */

/* Begin PBXSourcesBuildPhase section */
		352E75431ECE172800DA336A /* Sources */ = {
			isa = PBXSourcesBuildPhase;
			buildActionMask = 2147483647;
			files = (
				352E754D1ECE172800DA336A /* ViewController.swift in Sources */,
				352E754B1ECE172800DA336A /* AppDelegate.swift in Sources */,
			);
			runOnlyForDeploymentPostprocessing = 0;
		};
/* End PBXSourcesBuildPhase section */

/* Begin PBXVariantGroup section */
		352E754E1ECE172800DA336A /* Main.storyboard */ = {
			isa = PBXVariantGroup;
			children = (
				352E754F1ECE172800DA336A /* Base */,
			);
			name = Main.storyboard;
			sourceTree = "<group>";
		};
		352E75531ECE172800DA336A /* LaunchScreen.storyboard */ = {
			isa = PBXVariantGroup;
			children = (
				352E75541ECE172800DA336A /* Base */,
			);
			name = LaunchScreen.storyboard;
			sourceTree = "<group>";
		};
/* End PBXVariantGroup section */

/* Begin XCBuildConfiguration section */
		352E75571ECE172800DA336A /* Debug */ = {
			isa = XCBuildConfiguration;
			buildSettings = {
				ALWAYS_SEARCH_USER_PATHS = NO;
				CLANG_ANALYZER_NONNULL = YES;
				CLANG_ANALYZER_NUMBER_OBJECT_CONVERSION = YES_AGGRESSIVE;
				CLANG_CXX_LANGUAGE_STANDARD = "gnu++0x";
				CLANG_CXX_LIBRARY = "libc++";
				CLANG_ENABLE_MODULES = YES;
				CLANG_ENABLE_OBJC_ARC = YES;
				CLANG_WARN_BOOL_CONVERSION = YES;
				CLANG_WARN_CONSTANT_CONVERSION = YES;
				CLANG_WARN_DIRECT_OBJC_ISA_USAGE = YES_ERROR;
				CLANG_WARN_DOCUMENTATION_COMMENTS = YES;
				CLANG_WARN_EMPTY_BODY = YES;
				CLANG_WARN_ENUM_CONVERSION = YES;
				CLANG_WARN_INFINITE_RECURSION = YES;
				CLANG_WARN_INT_CONVERSION = YES;
				CLANG_WARN_OBJC_ROOT_CLASS = YES_ERROR;
				CLANG_WARN_SUSPICIOUS_MOVE = YES;
				CLANG_WARN_UNREACHABLE_CODE = YES;
				CLANG_WARN__DUPLICATE_METHOD_MATCH = YES;
				"CODE_SIGN_IDENTITY[sdk=iphoneos*]" = "iPhone Developer";
				COPY_PHASE_STRIP = NO;
				DEBUG_INFORMATION_FORMAT = dwarf;
				ENABLE_STRICT_OBJC_MSGSEND = YES;
				ENABLE_TESTABILITY = YES;
				GCC_C_LANGUAGE_STANDARD = gnu99;
				GCC_DYNAMIC_NO_PIC = NO;
				GCC_NO_COMMON_BLOCKS = YES;
				GCC_OPTIMIZATION_LEVEL = 0;
				GCC_PREPROCESSOR_DEFINITIONS = (
					"DEBUG=1",
					"$(inherited)",
				);
				GCC_WARN_64_TO_32_BIT_CONVERSION = YES;
				GCC_WARN_ABOUT_RETURN_TYPE = YES_ERROR;
				GCC_WARN_UNDECLARED_SELECTOR = YES;
				GCC_WARN_UNINITIALIZED_AUTOS = YES_AGGRESSIVE;
				GCC_WARN_UNUSED_FUNCTION = YES;
				GCC_WARN_UNUSED_VARIABLE = YES;
				IPHONEOS_DEPLOYMENT_TARGET = 10.3;
				MTL_ENABLE_DEBUG_INFO = YES;
				ONLY_ACTIVE_ARCH = YES;
				SDKROOT = iphoneos;
				SWIFT_ACTIVE_COMPILATION_CONDITIONS = DEBUG;
				SWIFT_OPTIMIZATION_LEVEL = "-Onone";
				TARGETED_DEVICE_FAMILY = "1,2";
			};
			name = Debug;
		};
		352E75581ECE172800DA336A /* Release */ = {
			isa = XCBuildConfiguration;
			buildSettings = {
				ALWAYS_SEARCH_USER_PATHS = NO;
				CLANG_ANALYZER_NONNULL = YES;
				CLANG_ANALYZER_NUMBER_OBJECT_CONVERSION = YES_AGGRESSIVE;
				CLANG_CXX_LANGUAGE_STANDARD = "gnu++0x";
				CLANG_CXX_LIBRARY = "libc++";
				CLANG_ENABLE_MODULES = YES;
				CLANG_ENABLE_OBJC_ARC = YES;
				CLANG_WARN_BOOL_CONVERSION = YES;
				CLANG_WARN_CONSTANT_CONVERSION = YES;
				CLANG_WARN_DIRECT_OBJC_ISA_USAGE = YES_ERROR;
				CLANG_WARN_DOCUMENTATION_COMMENTS = YES;
				CLANG_WARN_EMPTY_BODY = YES;
				CLANG_WARN_ENUM_CONVERSION = YES;
				CLANG_WARN_INFINITE_RECURSION = YES;
				CLANG_WARN_INT_CONVERSION = YES;
				CLANG_WARN_OBJC_ROOT_CLASS = YES_ERROR;
				CLANG_WARN_SUSPICIOUS_MOVE = YES;
				CLANG_WARN_UNREACHABLE_CODE = YES;
				CLANG_WARN__DUPLICATE_METHOD_MATCH = YES;
				"CODE_SIGN_IDENTITY[sdk=iphoneos*]" = "iPhone Developer";
				COPY_PHASE_STRIP = NO;
				DEBUG_INFORMATION_FORMAT = "dwarf-with-dsym";
				ENABLE_NS_ASSERTIONS = NO;
				ENABLE_STRICT_OBJC_MSGSEND = YES;
				GCC_C_LANGUAGE_STANDARD = gnu99;
				GCC_NO_COMMON_BLOCKS = YES;
				GCC_WARN_64_TO_32_BIT_CONVERSION = YES;
				GCC_WARN_ABOUT_RETURN_TYPE = YES_ERROR;
				GCC_WARN_UNDECLARED_SELECTOR = YES;
				GCC_WARN_UNINITIALIZED_AUTOS = YES_AGGRESSIVE;
				GCC_WARN_UNUSED_FUNCTION = YES;
				GCC_WARN_UNUSED_VARIABLE = YES;
				IPHONEOS_DEPLOYMENT_TARGET = 10.3;
				MTL_ENABLE_DEBUG_INFO = NO;
				SDKROOT = iphoneos;
				SWIFT_OPTIMIZATION_LEVEL = "-Owholemodule";
				TARGETED_DEVICE_FAMILY = "1,2";
				VALIDATE_PRODUCT = YES;
			};
			name = Release;
		};
		352E755A1ECE172800DA336A /* Debug */ = {
			isa = XCBuildConfiguration;
			buildSettings = {
				ASSETCATALOG_COMPILER_APPICON_NAME = AppIcon;
				DEVELOPMENT_TEAM = 3398483R66;
				INFOPLIST_FILE = tryGITClass/Info.plist;
				LD_RUNPATH_SEARCH_PATHS = "$(inherited) @executable_path/Frameworks";
				PRODUCT_BUNDLE_IDENTIFIER = dev.tryGITClass;
				PRODUCT_NAME = "$(TARGET_NAME)";
				SWIFT_VERSION = 3.0;
			};
			name = Debug;
		};
		352E755B1ECE172800DA336A /* Release */ = {
			isa = XCBuildConfiguration;
			buildSettings = {
				ASSETCATALOG_COMPILER_APPICON_NAME = AppIcon;
				DEVELOPMENT_TEAM = 3398483R66;
				INFOPLIST_FILE = tryGITClass/Info.plist;
				LD_RUNPATH_SEARCH_PATHS = "$(inherited) @executable_path/Frameworks";
				PRODUCT_BUNDLE_IDENTIFIER = dev.tryGITClass;
				PRODUCT_NAME = "$(TARGET_NAME)";
				SWIFT_VERSION = 3.0;
			};
			name = Release;
		};
/* End XCBuildConfiguration section */

/* Begin XCConfigurationList section */
		352E75421ECE172800DA336A /* Build configuration list for PBXProject "tryGITClass" */ = {
			isa = XCConfigurationList;
			buildConfigurations = (
				352E75571ECE172800DA336A /* Debug */,
				352E75581ECE172800DA336A /* Release */,
			);
			defaultConfigurationIsVisible = 0;
			defaultConfigurationName = Release;
		};
		352E75591ECE172800DA336A /* Build configuration list for PBXNativeTarget "tryGITClass" */ = {
			isa = XCConfigurationList;
			buildConfigurations = (
				352E755A1ECE172800DA336A /* Debug */,
				352E755B1ECE172800DA336A /* Release */,
			);
			defaultConfigurationIsVisible = 0;
		};
/* End XCConfigurationList section */
	};
	rootObject = 352E753F1ECE172800DA336A /* Project object */;
}
